
Microsoft Visual Studio Solution File, Format Version 12.00
# Visual Studio Version 17
VisualStudioVersion = 17.9.34728.123
MinimumVisualStudioVersion = 10.0.40219.1
Project("{9A19103F-16F7-4668-BE54-9A1E7A4F7556}") = "Domain", "Domain\Domain.csproj", "{C3E9621A-0738-4A10-B6A7-94A0FB64E60B}"
EndProject
Project("{FAE04EC0-301F-11D3-BF4B-00C04F79EFBC}") = "Application", "Application\Application.csproj", "{10886367-0E44-4C73-9C68-1F48EF2B8F29}"
EndProject
Project("{FAE04EC0-301F-11D3-BF4B-00C04F79EFBC}") = "Infrastructure", "Infrastructure\Infrastructure.csproj", "{B14B7080-69E4-4D2B-87C2-D52545BFA886}"
EndProject
Global
	GlobalSection(SolutionConfigurationPlatforms) = preSolution
		Debug|Any CPU = Debug|Any CPU
		Release|Any CPU = Release|Any CPU
	EndGlobalSection
	GlobalSection(ProjectConfigurationPlatforms) = postSolution
		{C3E9621A-0738-4A10-B6A7-94A0FB64E60B}.Debug|Any CPU.ActiveCfg = Debug|Any CPU
		{C3E9621A-0738-4A10-B6A7-94A0FB64E60B}.Debug|Any CPU.Build.0 = Debug|Any CPU
		{C3E9621A-0738-4A10-B6A7-94A0FB64E60B}.Release|Any CPU.ActiveCfg = Release|Any CPU
		{C3E9621A-0738-4A10-B6A7-94A0FB64E60B}.Release|Any CPU.Build.0 = Release|Any CPU
		{10886367-0E44-4C73-9C68-1F48EF2B8F29}.Debug|Any CPU.ActiveCfg = Debug|Any CPU
		{10886367-0E44-4C73-9C68-1F48EF2B8F29}.Debug|Any CPU.Build.0 = Debug|Any CPU
		{10886367-0E44-4C73-9C68-1F48EF2B8F29}.Release|Any CPU.ActiveCfg = Release|Any CPU
		{10886367-0E44-4C73-9C68-1F48EF2B8F29}.Release|Any CPU.Build.0 = Release|Any CPU
		{B14B7080-69E4-4D2B-87C2-D52545BFA886}.Debug|Any CPU.ActiveCfg = Debug|Any CPU
		{B14B7080-69E4-4D2B-87C2-D52545BFA886}.Debug|Any CPU.Build.0 = Debug|Any CPU
		{B14B7080-69E4-4D2B-87C2-D52545BFA886}.Release|Any CPU.ActiveCfg = Release|Any CPU
		{B14B7080-69E4-4D2B-87C2-D52545BFA886}.Release|Any CPU.Build.0 = Release|Any CPU
	EndGlobalSection
	GlobalSection(SolutionProperties) = preSolution
		HideSolutionNode = FALSE
	EndGlobalSection
	GlobalSection(ExtensibilityGlobals) = postSolution
		SolutionGuid = {BB8A9CBE-5677-4921-8B32-0677C2E28385}
	EndGlobalSection
EndGlobal
